
Microsoft Visual Studio Solution File, Format Version 12.00
# Visual Studio 14
VisualStudioVersion = 14.0.25123.0
MinimumVisualStudioVersion = 10.0.40219.1
Project("{FAE04EC0-301F-11D3-BF4B-00C04F79EFBC}") = "HelloXamarin.Droid", "HelloXamarin\HelloXamarin.Droid\HelloXamarin.Droid.csproj", "{3EEE4338-9D86-4B62-92BE-6AEC74A43F40}"
EndProject
Project("{FAE04EC0-301F-11D3-BF4B-00C04F79EFBC}") = "HelloXamarin.iOS", "HelloXamarin\HelloXamarin.iOS\HelloXamarin.iOS.csproj", "{034EE4A4-E726-4CBB-BECC-5D0BF75D70DD}"
EndProject
Project("{FAE04EC0-301F-11D3-BF4B-00C04F79EFBC}") = "HelloXamarin.WinPhone", "HelloXamarin\HelloXamarin.WinPhone\HelloXamarin.WinPhone.csproj", "{71B6A4B1-1460-49EF-A604-9837936AB815}"
EndProject
Project("{FAE04EC0-301F-11D3-BF4B-00C04F79EFBC}") = "HelloXamarin.UWP", "HelloXamarin\HelloXamarin.UWP\HelloXamarin.UWP.csproj", "{3FA89B62-A2C9-475B-BE8D-76615D14D9F7}"
EndProject
Project("{FAE04EC0-301F-11D3-BF4B-00C04F79EFBC}") = "HelloXamarin.Windows", "HelloXamarin\HelloXamarin.Windows\HelloXamarin.Windows.csproj", "{495E2D7F-2991-4EF4-8F41-4D8F6285CBD7}"
EndProject
Project("{FAE04EC0-301F-11D3-BF4B-00C04F79EFBC}") = "HelloXamarin", "HelloXamarin\HelloXamarin\HelloXamarin.csproj", "{37D895B2-8D4C-4599-891A-F39B7D89F567}"
EndProject
Global
	GlobalSection(SolutionConfigurationPlatforms) = preSolution
		Ad-Hoc|Any CPU = Ad-Hoc|Any CPU
		Ad-Hoc|ARM = Ad-Hoc|ARM
		Ad-Hoc|iPhone = Ad-Hoc|iPhone
		Ad-Hoc|iPhoneSimulator = Ad-Hoc|iPhoneSimulator
		Ad-Hoc|x64 = Ad-Hoc|x64
		Ad-Hoc|x86 = Ad-Hoc|x86
		AppStore|Any CPU = AppStore|Any CPU
		AppStore|ARM = AppStore|ARM
		AppStore|iPhone = AppStore|iPhone
		AppStore|iPhoneSimulator = AppStore|iPhoneSimulator
		AppStore|x64 = AppStore|x64
		AppStore|x86 = AppStore|x86
		Debug|Any CPU = Debug|Any CPU
		Debug|ARM = Debug|ARM
		Debug|iPhone = Debug|iPhone
		Debug|iPhoneSimulator = Debug|iPhoneSimulator
		Debug|x64 = Debug|x64
		Debug|x86 = Debug|x86
		Release|Any CPU = Release|Any CPU
		Release|ARM = Release|ARM
		Release|iPhone = Release|iPhone
		Release|iPhoneSimulator = Release|iPhoneSimulator
		Release|x64 = Release|x64
		Release|x86 = Release|x86
	EndGlobalSection
	GlobalSection(ProjectConfigurationPlatforms) = postSolution
		{3EEE4338-9D86-4B62-92BE-6AEC74A43F40}.Ad-Hoc|Any CPU.ActiveCfg = Release|Any CPU
		{3EEE4338-9D86-4B62-92BE-6AEC74A43F40}.Ad-Hoc|Any CPU.Build.0 = Release|Any CPU
		{3EEE4338-9D86-4B62-92BE-6AEC74A43F40}.Ad-Hoc|Any CPU.Deploy.0 = Release|Any CPU
		{3EEE4338-9D86-4B62-92BE-6AEC74A43F40}.Ad-Hoc|ARM.ActiveCfg = Release|Any CPU
		{3EEE4338-9D86-4B62-92BE-6AEC74A43F40}.Ad-Hoc|ARM.Build.0 = Release|Any CPU
		{3EEE4338-9D86-4B62-92BE-6AEC74A43F40}.Ad-Hoc|ARM.Deploy.0 = Release|Any CPU
		{3EEE4338-9D86-4B62-92BE-6AEC74A43F40}.Ad-Hoc|iPhone.ActiveCfg = Release|Any CPU
		{3EEE4338-9D86-4B62-92BE-6AEC74A43F40}.Ad-Hoc|iPhone.Build.0 = Release|Any CPU
		{3EEE4338-9D86-4B62-92BE-6AEC74A43F40}.Ad-Hoc|iPhone.Deploy.0 = Release|Any CPU
		{3EEE4338-9D86-4B62-92BE-6AEC74A43F40}.Ad-Hoc|iPhoneSimulator.ActiveCfg = Release|Any CPU
		{3EEE4338-9D86-4B62-92BE-6AEC74A43F40}.Ad-Hoc|iPhoneSimulator.Build.0 = Release|Any CPU
		{3EEE4338-9D86-4B62-92BE-6AEC74A43F40}.Ad-Hoc|iPhoneSimulator.Deploy.0 = Release|Any CPU
		{3EEE4338-9D86-4B62-92BE-6AEC74A43F40}.Ad-Hoc|x64.ActiveCfg = Release|Any CPU
		{3EEE4338-9D86-4B62-92BE-6AEC74A43F40}.Ad-Hoc|x64.Build.0 = Release|Any CPU
		{3EEE4338-9D86-4B62-92BE-6AEC74A43F40}.Ad-Hoc|x64.Deploy.0 = Release|Any CPU
		{3EEE4338-9D86-4B62-92BE-6AEC74A43F40}.Ad-Hoc|x86.ActiveCfg = Release|Any CPU
		{3EEE4338-9D86-4B62-92BE-6AEC74A43F40}.Ad-Hoc|x86.Build.0 = Release|Any CPU
		{3EEE4338-9D86-4B62-92BE-6AEC74A43F40}.Ad-Hoc|x86.Deploy.0 = Release|Any CPU
		{3EEE4338-9D86-4B62-92BE-6AEC74A43F40}.AppStore|Any CPU.ActiveCfg = Release|Any CPU
		{3EEE4338-9D86-4B62-92BE-6AEC74A43F40}.AppStore|Any CPU.Build.0 = Release|Any CPU
		{3EEE4338-9D86-4B62-92BE-6AEC74A43F40}.AppStore|Any CPU.Deploy.0 = Release|Any CPU
		{3EEE4338-9D86-4B62-92BE-6AEC74A43F40}.AppStore|ARM.ActiveCfg = Release|Any CPU
		{3EEE4338-9D86-4B62-92BE-6AEC74A43F40}.AppStore|ARM.Build.0 = Release|Any CPU
		{3EEE4338-9D86-4B62-92BE-6AEC74A43F40}.AppStore|ARM.Deploy.0 = Release|Any CPU
		{3EEE4338-9D86-4B62-92BE-6AEC74A43F40}.AppStore|iPhone.ActiveCfg = Release|Any CPU
		{3EEE4338-9D86-4B62-92BE-6AEC74A43F40}.AppStore|iPhone.Build.0 = Release|Any CPU
		{3EEE4338-9D86-4B62-92BE-6AEC74A43F40}.AppStore|iPhone.Deploy.0 = Release|Any CPU
		{3EEE4338-9D86-4B62-92BE-6AEC74A43F40}.AppStore|iPhoneSimulator.ActiveCfg = Release|Any CPU
		{3EEE4338-9D86-4B62-92BE-6AEC74A43F40}.AppStore|iPhoneSimulator.Build.0 = Release|Any CPU
		{3EEE4338-9D86-4B62-92BE-6AEC74A43F40}.AppStore|iPhoneSimulator.Deploy.0 = Release|Any CPU
		{3EEE4338-9D86-4B62-92BE-6AEC74A43F40}.AppStore|x64.ActiveCfg = Release|Any CPU
		{3EEE4338-9D86-4B62-92BE-6AEC74A43F40}.AppStore|x64.Build.0 = Release|Any CPU
		{3EEE4338-9D86-4B62-92BE-6AEC74A43F40}.AppStore|x64.Deploy.0 = Release|Any CPU
		{3EEE4338-9D86-4B62-92BE-6AEC74A43F40}.AppStore|x86.ActiveCfg = Release|Any CPU
		{3EEE4338-9D86-4B62-92BE-6AEC74A43F40}.AppStore|x86.Build.0 = Release|Any CPU
		{3EEE4338-9D86-4B62-92BE-6AEC74A43F40}.AppStore|x86.Deploy.0 = Release|Any CPU
		{3EEE4338-9D86-4B62-92BE-6AEC74A43F40}.Debug|Any CPU.ActiveCfg = Debug|Any CPU
		{3EEE4338-9D86-4B62-92BE-6AEC74A43F40}.Debug|Any CPU.Build.0 = Debug|Any CPU
		{3EEE4338-9D86-4B62-92BE-6AEC74A43F40}.Debug|Any CPU.Deploy.0 = Debug|Any CPU
		{3EEE4338-9D86-4B62-92BE-6AEC74A43F40}.Debug|ARM.ActiveCfg = Debug|Any CPU
		{3EEE4338-9D86-4B62-92BE-6AEC74A43F40}.Debug|ARM.Build.0 = Debug|Any CPU
		{3EEE4338-9D86-4B62-92BE-6AEC74A43F40}.Debug|ARM.Deploy.0 = Debug|Any CPU
		{3EEE4338-9D86-4B62-92BE-6AEC74A43F40}.Debug|iPhone.ActiveCfg = Debug|Any CPU
		{3EEE4338-9D86-4B62-92BE-6AEC74A43F40}.Debug|iPhone.Build.0 = Debug|Any CPU
		{3EEE4338-9D86-4B62-92BE-6AEC74A43F40}.Debug|iPhone.Deploy.0 = Debug|Any CPU
		{3EEE4338-9D86-4B62-92BE-6AEC74A43F40}.Debug|iPhoneSimulator.ActiveCfg = Debug|Any CPU
		{3EEE4338-9D86-4B62-92BE-6AEC74A43F40}.Debug|iPhoneSimulator.Build.0 = Debug|Any CPU
		{3EEE4338-9D86-4B62-92BE-6AEC74A43F40}.Debug|iPhoneSimulator.Deploy.0 = Debug|Any CPU
		{3EEE4338-9D86-4B62-92BE-6AEC74A43F40}.Debug|x64.ActiveCfg = Debug|Any CPU
		{3EEE4338-9D86-4B62-92BE-6AEC74A43F40}.Debug|x64.Build.0 = Debug|Any CPU
		{3EEE4338-9D86-4B62-92BE-6AEC74A43F40}.Debug|x64.Deploy.0 = Debug|Any CPU
		{3EEE4338-9D86-4B62-92BE-6AEC74A43F40}.Debug|x86.ActiveCfg = Debug|Any CPU
		{3EEE4338-9D86-4B62-92BE-6AEC74A43F40}.Debug|x86.Build.0 = Debug|Any CPU
		{3EEE4338-9D86-4B62-92BE-6AEC74A43F40}.Debug|x86.Deploy.0 = Debug|Any CPU
		{3EEE4338-9D86-4B62-92BE-6AEC74A43F40}.Release|Any CPU.ActiveCfg = Release|Any CPU
		{3EEE4338-9D86-4B62-92BE-6AEC74A43F40}.Release|Any CPU.Build.0 = Release|Any CPU
		{3EEE4338-9D86-4B62-92BE-6AEC74A43F40}.Release|Any CPU.Deploy.0 = Release|Any CPU
		{3EEE4338-9D86-4B62-92BE-6AEC74A43F40}.Release|ARM.ActiveCfg = Release|Any CPU
		{3EEE4338-9D86-4B62-92BE-6AEC74A43F40}.Release|ARM.Build.0 = Release|Any CPU
		{3EEE4338-9D86-4B62-92BE-6AEC74A43F40}.Release|ARM.Deploy.0 = Release|Any CPU
		{3EEE4338-9D86-4B62-92BE-6AEC74A43F40}.Release|iPhone.ActiveCfg = Release|Any CPU
		{3EEE4338-9D86-4B62-92BE-6AEC74A43F40}.Release|iPhone.Build.0 = Release|Any CPU
		{3EEE4338-9D86-4B62-92BE-6AEC74A43F40}.Release|iPhone.Deploy.0 = Release|Any CPU
		{3EEE4338-9D86-4B62-92BE-6AEC74A43F40}.Release|iPhoneSimulator.ActiveCfg = Release|Any CPU
		{3EEE4338-9D86-4B62-92BE-6AEC74A43F40}.Release|iPhoneSimulator.Build.0 = Release|Any CPU
		{3EEE4338-9D86-4B62-92BE-6AEC74A43F40}.Release|iPhoneSimulator.Deploy.0 = Release|Any CPU
		{3EEE4338-9D86-4B62-92BE-6AEC74A43F40}.Release|x64.ActiveCfg = Release|Any CPU
		{3EEE4338-9D86-4B62-92BE-6AEC74A43F40}.Release|x64.Build.0 = Release|Any CPU
		{3EEE4338-9D86-4B62-92BE-6AEC74A43F40}.Release|x64.Deploy.0 = Release|Any CPU
		{3EEE4338-9D86-4B62-92BE-6AEC74A43F40}.Release|x86.ActiveCfg = Release|Any CPU
		{3EEE4338-9D86-4B62-92BE-6AEC74A43F40}.Release|x86.Build.0 = Release|Any CPU
		{3EEE4338-9D86-4B62-92BE-6AEC74A43F40}.Release|x86.Deploy.0 = Release|Any CPU
		{034EE4A4-E726-4CBB-BECC-5D0BF75D70DD}.Ad-Hoc|Any CPU.ActiveCfg = Ad-Hoc|iPhone
		{034EE4A4-E726-4CBB-BECC-5D0BF75D70DD}.Ad-Hoc|ARM.ActiveCfg = Ad-Hoc|iPhone
		{034EE4A4-E726-4CBB-BECC-5D0BF75D70DD}.Ad-Hoc|iPhone.ActiveCfg = Ad-Hoc|iPhone
		{034EE4A4-E726-4CBB-BECC-5D0BF75D70DD}.Ad-Hoc|iPhone.Build.0 = Ad-Hoc|iPhone
		{034EE4A4-E726-4CBB-BECC-5D0BF75D70DD}.Ad-Hoc|iPhoneSimulator.ActiveCfg = Ad-Hoc|iPhoneSimulator
		{034EE4A4-E726-4CBB-BECC-5D0BF75D70DD}.Ad-Hoc|iPhoneSimulator.Build.0 = Ad-Hoc|iPhoneSimulator
		{034EE4A4-E726-4CBB-BECC-5D0BF75D70DD}.Ad-Hoc|x64.ActiveCfg = Ad-Hoc|iPhone
		{034EE4A4-E726-4CBB-BECC-5D0BF75D70DD}.Ad-Hoc|x86.ActiveCfg = Ad-Hoc|iPhone
		{034EE4A4-E726-4CBB-BECC-5D0BF75D70DD}.AppStore|Any CPU.ActiveCfg = AppStore|iPhone
		{034EE4A4-E726-4CBB-BECC-5D0BF75D70DD}.AppStore|ARM.ActiveCfg = AppStore|iPhone
		{034EE4A4-E726-4CBB-BECC-5D0BF75D70DD}.AppStore|iPhone.ActiveCfg = AppStore|iPhone
		{034EE4A4-E726-4CBB-BECC-5D0BF75D70DD}.AppStore|iPhone.Build.0 = AppStore|iPhone
		{034EE4A4-E726-4CBB-BECC-5D0BF75D70DD}.AppStore|iPhoneSimulator.ActiveCfg = AppStore|iPhoneSimulator
		{034EE4A4-E726-4CBB-BECC-5D0BF75D70DD}.AppStore|iPhoneSimulator.Build.0 = AppStore|iPhoneSimulator
		{034EE4A4-E726-4CBB-BECC-5D0BF75D70DD}.AppStore|x64.ActiveCfg = AppStore|iPhone
		{034EE4A4-E726-4CBB-BECC-5D0BF75D70DD}.AppStore|x86.ActiveCfg = AppStore|iPhone
		{034EE4A4-E726-4CBB-BECC-5D0BF75D70DD}.Debug|Any CPU.ActiveCfg = Debug|iPhone
		{034EE4A4-E726-4CBB-BECC-5D0BF75D70DD}.Debug|ARM.ActiveCfg = Debug|iPhone
		{034EE4A4-E726-4CBB-BECC-5D0BF75D70DD}.Debug|iPhone.ActiveCfg = Debug|iPhone
		{034EE4A4-E726-4CBB-BECC-5D0BF75D70DD}.Debug|iPhone.Build.0 = Debug|iPhone
		{034EE4A4-E726-4CBB-BECC-5D0BF75D70DD}.Debug|iPhoneSimulator.ActiveCfg = Debug|iPhoneSimulator
		{034EE4A4-E726-4CBB-BECC-5D0BF75D70DD}.Debug|iPhoneSimulator.Build.0 = Debug|iPhoneSimulator
		{034EE4A4-E726-4CBB-BECC-5D0BF75D70DD}.Debug|x64.ActiveCfg = Debug|iPhone
		{034EE4A4-E726-4CBB-BECC-5D0BF75D70DD}.Debug|x86.ActiveCfg = Debug|iPhone
		{034EE4A4-E726-4CBB-BECC-5D0BF75D70DD}.Release|Any CPU.ActiveCfg = Release|iPhone
		{034EE4A4-E726-4CBB-BECC-5D0BF75D70DD}.Release|ARM.ActiveCfg = Release|iPhone
		{034EE4A4-E726-4CBB-BECC-5D0BF75D70DD}.Release|iPhone.ActiveCfg = Release|iPhone
		{034EE4A4-E726-4CBB-BECC-5D0BF75D70DD}.Release|iPhone.Build.0 = Release|iPhone
		{034EE4A4-E726-4CBB-BECC-5D0BF75D70DD}.Release|iPhoneSimulator.ActiveCfg = Release|iPhoneSimulator
		{034EE4A4-E726-4CBB-BECC-5D0BF75D70DD}.Release|iPhoneSimulator.Build.0 = Release|iPhoneSimulator
		{034EE4A4-E726-4CBB-BECC-5D0BF75D70DD}.Release|x64.ActiveCfg = Release|iPhone
		{034EE4A4-E726-4CBB-BECC-5D0BF75D70DD}.Release|x86.ActiveCfg = Release|iPhone
		{71B6A4B1-1460-49EF-A604-9837936AB815}.Ad-Hoc|Any CPU.ActiveCfg = Release|Any CPU
		{71B6A4B1-1460-49EF-A604-9837936AB815}.Ad-Hoc|Any CPU.Build.0 = Release|Any CPU
		{71B6A4B1-1460-49EF-A604-9837936AB815}.Ad-Hoc|Any CPU.Deploy.0 = Release|Any CPU
		{71B6A4B1-1460-49EF-A604-9837936AB815}.Ad-Hoc|ARM.ActiveCfg = Release|ARM
		{71B6A4B1-1460-49EF-A604-9837936AB815}.Ad-Hoc|ARM.Build.0 = Release|ARM
		{71B6A4B1-1460-49EF-A604-9837936AB815}.Ad-Hoc|ARM.Deploy.0 = Release|ARM
		{71B6A4B1-1460-49EF-A604-9837936AB815}.Ad-Hoc|iPhone.ActiveCfg = Release|Any CPU
		{71B6A4B1-1460-49EF-A604-9837936AB815}.Ad-Hoc|iPhone.Build.0 = Release|Any CPU
		{71B6A4B1-1460-49EF-A604-9837936AB815}.Ad-Hoc|iPhone.Deploy.0 = Release|Any CPU
		{71B6A4B1-1460-49EF-A604-9837936AB815}.Ad-Hoc|iPhoneSimulator.ActiveCfg = Release|Any CPU
		{71B6A4B1-1460-49EF-A604-9837936AB815}.Ad-Hoc|iPhoneSimulator.Build.0 = Release|Any CPU
		{71B6A4B1-1460-49EF-A604-9837936AB815}.Ad-Hoc|iPhoneSimulator.Deploy.0 = Release|Any CPU
		{71B6A4B1-1460-49EF-A604-9837936AB815}.Ad-Hoc|x64.ActiveCfg = Release|Any CPU
		{71B6A4B1-1460-49EF-A604-9837936AB815}.Ad-Hoc|x64.Build.0 = Release|Any CPU
		{71B6A4B1-1460-49EF-A604-9837936AB815}.Ad-Hoc|x64.Deploy.0 = Release|Any CPU
		{71B6A4B1-1460-49EF-A604-9837936AB815}.Ad-Hoc|x86.ActiveCfg = Release|x86
		{71B6A4B1-1460-49EF-A604-9837936AB815}.Ad-Hoc|x86.Build.0 = Release|x86
		{71B6A4B1-1460-49EF-A604-9837936AB815}.Ad-Hoc|x86.Deploy.0 = Release|x86
		{71B6A4B1-1460-49EF-A604-9837936AB815}.AppStore|Any CPU.ActiveCfg = Release|Any CPU
		{71B6A4B1-1460-49EF-A604-9837936AB815}.AppStore|Any CPU.Build.0 = Release|Any CPU
		{71B6A4B1-1460-49EF-A604-9837936AB815}.AppStore|Any CPU.Deploy.0 = Release|Any CPU
		{71B6A4B1-1460-49EF-A604-9837936AB815}.AppStore|ARM.ActiveCfg = Release|ARM
		{71B6A4B1-1460-49EF-A604-9837936AB815}.AppStore|ARM.Build.0 = Release|ARM
		{71B6A4B1-1460-49EF-A604-9837936AB815}.AppStore|ARM.Deploy.0 = Release|ARM
		{71B6A4B1-1460-49EF-A604-9837936AB815}.AppStore|iPhone.ActiveCfg = Release|Any CPU
		{71B6A4B1-1460-49EF-A604-9837936AB815}.AppStore|iPhone.Build.0 = Release|Any CPU
		{71B6A4B1-1460-49EF-A604-9837936AB815}.AppStore|iPhone.Deploy.0 = Release|Any CPU
		{71B6A4B1-1460-49EF-A604-9837936AB815}.AppStore|iPhoneSimulator.ActiveCfg = Release|Any CPU
		{71B6A4B1-1460-49EF-A604-9837936AB815}.AppStore|iPhoneSimulator.Build.0 = Release|Any CPU
		{71B6A4B1-1460-49EF-A604-9837936AB815}.AppStore|iPhoneSimulator.Deploy.0 = Release|Any CPU
		{71B6A4B1-1460-49EF-A604-9837936AB815}.AppStore|x64.ActiveCfg = Release|Any CPU
		{71B6A4B1-1460-49EF-A604-9837936AB815}.AppStore|x64.Build.0 = Release|Any CPU
		{71B6A4B1-1460-49EF-A604-9837936AB815}.AppStore|x64.Deploy.0 = Release|Any CPU
		{71B6A4B1-1460-49EF-A604-9837936AB815}.AppStore|x86.ActiveCfg = Release|x86
		{71B6A4B1-1460-49EF-A604-9837936AB815}.AppStore|x86.Build.0 = Release|x86
		{71B6A4B1-1460-49EF-A604-9837936AB815}.AppStore|x86.Deploy.0 = Release|x86
		{71B6A4B1-1460-49EF-A604-9837936AB815}.Debug|Any CPU.ActiveCfg = Debug|Any CPU
		{71B6A4B1-1460-49EF-A604-9837936AB815}.Debug|Any CPU.Build.0 = Debug|Any CPU
		{71B6A4B1-1460-49EF-A604-9837936AB815}.Debug|Any CPU.Deploy.0 = Debug|Any CPU
		{71B6A4B1-1460-49EF-A604-9837936AB815}.Debug|ARM.ActiveCfg = Debug|ARM
		{71B6A4B1-1460-49EF-A604-9837936AB815}.Debug|ARM.Build.0 = Debug|ARM
		{71B6A4B1-1460-49EF-A604-9837936AB815}.Debug|ARM.Deploy.0 = Debug|ARM
		{71B6A4B1-1460-49EF-A604-9837936AB815}.Debug|iPhone.ActiveCfg = Debug|Any CPU
		{71B6A4B1-1460-49EF-A604-9837936AB815}.Debug|iPhone.Build.0 = Debug|Any CPU
		{71B6A4B1-1460-49EF-A604-9837936AB815}.Debug|iPhone.Deploy.0 = Debug|Any CPU
		{71B6A4B1-1460-49EF-A604-9837936AB815}.Debug|iPhoneSimulator.ActiveCfg = Debug|Any CPU
		{71B6A4B1-1460-49EF-A604-9837936AB815}.Debug|iPhoneSimulator.Build.0 = Debug|Any CPU
		{71B6A4B1-1460-49EF-A604-9837936AB815}.Debug|iPhoneSimulator.Deploy.0 = Debug|Any CPU
		{71B6A4B1-1460-49EF-A604-9837936AB815}.Debug|x64.ActiveCfg = Debug|Any CPU
		{71B6A4B1-1460-49EF-A604-9837936AB815}.Debug|x64.Build.0 = Debug|Any CPU
		{71B6A4B1-1460-49EF-A604-9837936AB815}.Debug|x64.Deploy.0 = Debug|Any CPU
		{71B6A4B1-1460-49EF-A604-9837936AB815}.Debug|x86.ActiveCfg = Debug|x86
		{71B6A4B1-1460-49EF-A604-9837936AB815}.Debug|x86.Build.0 = Debug|x86
		{71B6A4B1-1460-49EF-A604-9837936AB815}.Debug|x86.Deploy.0 = Debug|x86
		{71B6A4B1-1460-49EF-A604-9837936AB815}.Release|Any CPU.ActiveCfg = Release|Any CPU
		{71B6A4B1-1460-49EF-A604-9837936AB815}.Release|Any CPU.Build.0 = Release|Any CPU
		{71B6A4B1-1460-49EF-A604-9837936AB815}.Release|Any CPU.Deploy.0 = Release|Any CPU
		{71B6A4B1-1460-49EF-A604-9837936AB815}.Release|ARM.ActiveCfg = Release|ARM
		{71B6A4B1-1460-49EF-A604-9837936AB815}.Release|ARM.Build.0 = Release|ARM
		{71B6A4B1-1460-49EF-A604-9837936AB815}.Release|ARM.Deploy.0 = Release|ARM
		{71B6A4B1-1460-49EF-A604-9837936AB815}.Release|iPhone.ActiveCfg = Release|Any CPU
		{71B6A4B1-1460-49EF-A604-9837936AB815}.Release|iPhone.Build.0 = Release|Any CPU
		{71B6A4B1-1460-49EF-A604-9837936AB815}.Release|iPhone.Deploy.0 = Release|Any CPU
		{71B6A4B1-1460-49EF-A604-9837936AB815}.Release|iPhoneSimulator.ActiveCfg = Release|Any CPU
		{71B6A4B1-1460-49EF-A604-9837936AB815}.Release|iPhoneSimulator.Build.0 = Release|Any CPU
		{71B6A4B1-1460-49EF-A604-9837936AB815}.Release|iPhoneSimulator.Deploy.0 = Release|Any CPU
		{71B6A4B1-1460-49EF-A604-9837936AB815}.Release|x64.ActiveCfg = Release|Any CPU
		{71B6A4B1-1460-49EF-A604-9837936AB815}.Release|x64.Build.0 = Release|Any CPU
		{71B6A4B1-1460-49EF-A604-9837936AB815}.Release|x64.Deploy.0 = Release|Any CPU
		{71B6A4B1-1460-49EF-A604-9837936AB815}.Release|x86.ActiveCfg = Release|x86
		{71B6A4B1-1460-49EF-A604-9837936AB815}.Release|x86.Build.0 = Release|x86
		{71B6A4B1-1460-49EF-A604-9837936AB815}.Release|x86.Deploy.0 = Release|x86
		{3FA89B62-A2C9-475B-BE8D-76615D14D9F7}.Ad-Hoc|Any CPU.ActiveCfg = Release|x86
		{3FA89B62-A2C9-475B-BE8D-76615D14D9F7}.Ad-Hoc|Any CPU.Build.0 = Release|x86
		{3FA89B62-A2C9-475B-BE8D-76615D14D9F7}.Ad-Hoc|Any CPU.Deploy.0 = Release|x86
		{3FA89B62-A2C9-475B-BE8D-76615D14D9F7}.Ad-Hoc|ARM.ActiveCfg = Release|ARM
		{3FA89B62-A2C9-475B-BE8D-76615D14D9F7}.Ad-Hoc|ARM.Build.0 = Release|ARM
		{3FA89B62-A2C9-475B-BE8D-76615D14D9F7}.Ad-Hoc|ARM.Deploy.0 = Release|ARM
		{3FA89B62-A2C9-475B-BE8D-76615D14D9F7}.Ad-Hoc|iPhone.ActiveCfg = Release|x86
		{3FA89B62-A2C9-475B-BE8D-76615D14D9F7}.Ad-Hoc|iPhone.Build.0 = Release|x86
		{3FA89B62-A2C9-475B-BE8D-76615D14D9F7}.Ad-Hoc|iPhone.Deploy.0 = Release|x86
		{3FA89B62-A2C9-475B-BE8D-76615D14D9F7}.Ad-Hoc|iPhoneSimulator.ActiveCfg = Release|x86
		{3FA89B62-A2C9-475B-BE8D-76615D14D9F7}.Ad-Hoc|iPhoneSimulator.Build.0 = Release|x86
		{3FA89B62-A2C9-475B-BE8D-76615D14D9F7}.Ad-Hoc|iPhoneSimulator.Deploy.0 = Release|x86
		{3FA89B62-A2C9-475B-BE8D-76615D14D9F7}.Ad-Hoc|x64.ActiveCfg = Release|x64
		{3FA89B62-A2C9-475B-BE8D-76615D14D9F7}.Ad-Hoc|x64.Build.0 = Release|x64
		{3FA89B62-A2C9-475B-BE8D-76615D14D9F7}.Ad-Hoc|x64.Deploy.0 = Release|x64
		{3FA89B62-A2C9-475B-BE8D-76615D14D9F7}.Ad-Hoc|x86.ActiveCfg = Release|x86
		{3FA89B62-A2C9-475B-BE8D-76615D14D9F7}.Ad-Hoc|x86.Build.0 = Release|x86
		{3FA89B62-A2C9-475B-BE8D-76615D14D9F7}.Ad-Hoc|x86.Deploy.0 = Release|x86
		{3FA89B62-A2C9-475B-BE8D-76615D14D9F7}.AppStore|Any CPU.ActiveCfg = Release|x86
		{3FA89B62-A2C9-475B-BE8D-76615D14D9F7}.AppStore|Any CPU.Build.0 = Release|x86
		{3FA89B62-A2C9-475B-BE8D-76615D14D9F7}.AppStore|Any CPU.Deploy.0 = Release|x86
		{3FA89B62-A2C9-475B-BE8D-76615D14D9F7}.AppStore|ARM.ActiveCfg = Release|ARM
		{3FA89B62-A2C9-475B-BE8D-76615D14D9F7}.AppStore|ARM.Build.0 = Release|ARM
		{3FA89B62-A2C9-475B-BE8D-76615D14D9F7}.AppStore|ARM.Deploy.0 = Release|ARM
		{3FA89B62-A2C9-475B-BE8D-76615D14D9F7}.AppStore|iPhone.ActiveCfg = Release|x86
		{3FA89B62-A2C9-475B-BE8D-76615D14D9F7}.AppStore|iPhone.Build.0 = Release|x86
		{3FA89B62-A2C9-475B-BE8D-76615D14D9F7}.AppStore|iPhone.Deploy.0 = Release|x86
		{3FA89B62-A2C9-475B-BE8D-76615D14D9F7}.AppStore|iPhoneSimulator.ActiveCfg = Release|x86
		{3FA89B62-A2C9-475B-BE8D-76615D14D9F7}.AppStore|iPhoneSimulator.Build.0 = Release|x86
		{3FA89B62-A2C9-475B-BE8D-76615D14D9F7}.AppStore|iPhoneSimulator.Deploy.0 = Release|x86
		{3FA89B62-A2C9-475B-BE8D-76615D14D9F7}.AppStore|x64.ActiveCfg = Release|x64
		{3FA89B62-A2C9-475B-BE8D-76615D14D9F7}.AppStore|x64.Build.0 = Release|x64
		{3FA89B62-A2C9-475B-BE8D-76615D14D9F7}.AppStore|x64.Deploy.0 = Release|x64
		{3FA89B62-A2C9-475B-BE8D-76615D14D9F7}.AppStore|x86.ActiveCfg = Release|x86
		{3FA89B62-A2C9-475B-BE8D-76615D14D9F7}.AppStore|x86.Build.0 = Release|x86
		{3FA89B62-A2C9-475B-BE8D-76615D14D9F7}.AppStore|x86.Deploy.0 = Release|x86
		{3FA89B62-A2C9-475B-BE8D-76615D14D9F7}.Debug|Any CPU.ActiveCfg = Debug|x86
		{3FA89B62-A2C9-475B-BE8D-76615D14D9F7}.Debug|ARM.ActiveCfg = Debug|ARM
		{3FA89B62-A2C9-475B-BE8D-76615D14D9F7}.Debug|ARM.Build.0 = Debug|ARM
		{3FA89B62-A2C9-475B-BE8D-76615D14D9F7}.Debug|ARM.Deploy.0 = Debug|ARM
		{3FA89B62-A2C9-475B-BE8D-76615D14D9F7}.Debug|iPhone.ActiveCfg = Debug|x86
		{3FA89B62-A2C9-475B-BE8D-76615D14D9F7}.Debug|iPhoneSimulator.ActiveCfg = Debug|x86
		{3FA89B62-A2C9-475B-BE8D-76615D14D9F7}.Debug|x64.ActiveCfg = Debug|x64
		{3FA89B62-A2C9-475B-BE8D-76615D14D9F7}.Debug|x64.Build.0 = Debug|x64
		{3FA89B62-A2C9-475B-BE8D-76615D14D9F7}.Debug|x64.Deploy.0 = Debug|x64
		{3FA89B62-A2C9-475B-BE8D-76615D14D9F7}.Debug|x86.ActiveCfg = Debug|x86
		{3FA89B62-A2C9-475B-BE8D-76615D14D9F7}.Debug|x86.Build.0 = Debug|x86
		{3FA89B62-A2C9-475B-BE8D-76615D14D9F7}.Debug|x86.Deploy.0 = Debug|x86
		{3FA89B62-A2C9-475B-BE8D-76615D14D9F7}.Release|Any CPU.ActiveCfg = Release|x86
		{3FA89B62-A2C9-475B-BE8D-76615D14D9F7}.Release|ARM.ActiveCfg = Release|ARM
		{3FA89B62-A2C9-475B-BE8D-76615D14D9F7}.Release|ARM.Build.0 = Release|ARM
		{3FA89B62-A2C9-475B-BE8D-76615D14D9F7}.Release|ARM.Deploy.0 = Release|ARM
		{3FA89B62-A2C9-475B-BE8D-76615D14D9F7}.Release|iPhone.ActiveCfg = Release|x86
		{3FA89B62-A2C9-475B-BE8D-76615D14D9F7}.Release|iPhoneSimulator.ActiveCfg = Release|x86
		{3FA89B62-A2C9-475B-BE8D-76615D14D9F7}.Release|x64.ActiveCfg = Release|x64
		{3FA89B62-A2C9-475B-BE8D-76615D14D9F7}.Release|x64.Build.0 = Release|x64
		{3FA89B62-A2C9-475B-BE8D-76615D14D9F7}.Release|x64.Deploy.0 = Release|x64
		{3FA89B62-A2C9-475B-BE8D-76615D14D9F7}.Release|x86.ActiveCfg = Release|x86
		{3FA89B62-A2C9-475B-BE8D-76615D14D9F7}.Release|x86.Build.0 = Release|x86
		{3FA89B62-A2C9-475B-BE8D-76615D14D9F7}.Release|x86.Deploy.0 = Release|x86
		{495E2D7F-2991-4EF4-8F41-4D8F6285CBD7}.Ad-Hoc|Any CPU.ActiveCfg = Release|Any CPU
		{495E2D7F-2991-4EF4-8F41-4D8F6285CBD7}.Ad-Hoc|Any CPU.Build.0 = Release|Any CPU
		{495E2D7F-2991-4EF4-8F41-4D8F6285CBD7}.Ad-Hoc|Any CPU.Deploy.0 = Release|Any CPU
		{495E2D7F-2991-4EF4-8F41-4D8F6285CBD7}.Ad-Hoc|ARM.ActiveCfg = Release|ARM
		{495E2D7F-2991-4EF4-8F41-4D8F6285CBD7}.Ad-Hoc|ARM.Build.0 = Release|ARM
		{495E2D7F-2991-4EF4-8F41-4D8F6285CBD7}.Ad-Hoc|ARM.Deploy.0 = Release|ARM
		{495E2D7F-2991-4EF4-8F41-4D8F6285CBD7}.Ad-Hoc|iPhone.ActiveCfg = Release|Any CPU
		{495E2D7F-2991-4EF4-8F41-4D8F6285CBD7}.Ad-Hoc|iPhone.Build.0 = Release|Any CPU
		{495E2D7F-2991-4EF4-8F41-4D8F6285CBD7}.Ad-Hoc|iPhone.Deploy.0 = Release|Any CPU
		{495E2D7F-2991-4EF4-8F41-4D8F6285CBD7}.Ad-Hoc|iPhoneSimulator.ActiveCfg = Release|Any CPU
		{495E2D7F-2991-4EF4-8F41-4D8F6285CBD7}.Ad-Hoc|iPhoneSimulator.Build.0 = Release|Any CPU
		{495E2D7F-2991-4EF4-8F41-4D8F6285CBD7}.Ad-Hoc|iPhoneSimulator.Deploy.0 = Release|Any CPU
		{495E2D7F-2991-4EF4-8F41-4D8F6285CBD7}.Ad-Hoc|x64.ActiveCfg = Release|x64
		{495E2D7F-2991-4EF4-8F41-4D8F6285CBD7}.Ad-Hoc|x64.Build.0 = Release|x64
		{495E2D7F-2991-4EF4-8F41-4D8F6285CBD7}.Ad-Hoc|x64.Deploy.0 = Release|x64
		{495E2D7F-2991-4EF4-8F41-4D8F6285CBD7}.Ad-Hoc|x86.ActiveCfg = Release|x86
		{495E2D7F-2991-4EF4-8F41-4D8F6285CBD7}.Ad-Hoc|x86.Build.0 = Release|x86
		{495E2D7F-2991-4EF4-8F41-4D8F6285CBD7}.Ad-Hoc|x86.Deploy.0 = Release|x86
		{495E2D7F-2991-4EF4-8F41-4D8F6285CBD7}.AppStore|Any CPU.ActiveCfg = Release|Any CPU
		{495E2D7F-2991-4EF4-8F41-4D8F6285CBD7}.AppStore|Any CPU.Build.0 = Release|Any CPU
		{495E2D7F-2991-4EF4-8F41-4D8F6285CBD7}.AppStore|Any CPU.Deploy.0 = Release|Any CPU
		{495E2D7F-2991-4EF4-8F41-4D8F6285CBD7}.AppStore|ARM.ActiveCfg = Release|ARM
		{495E2D7F-2991-4EF4-8F41-4D8F6285CBD7}.AppStore|ARM.Build.0 = Release|ARM
		{495E2D7F-2991-4EF4-8F41-4D8F6285CBD7}.AppStore|ARM.Deploy.0 = Release|ARM
		{495E2D7F-2991-4EF4-8F41-4D8F6285CBD7}.AppStore|iPhone.ActiveCfg = Release|Any CPU
		{495E2D7F-2991-4EF4-8F41-4D8F6285CBD7}.AppStore|iPhone.Build.0 = Release|Any CPU
		{495E2D7F-2991-4EF4-8F41-4D8F6285CBD7}.AppStore|iPhone.Deploy.0 = Release|Any CPU
		{495E2D7F-2991-4EF4-8F41-4D8F6285CBD7}.AppStore|iPhoneSimulator.ActiveCfg = Release|Any CPU
		{495E2D7F-2991-4EF4-8F41-4D8F6285CBD7}.AppStore|iPhoneSimulator.Build.0 = Release|Any CPU
		{495E2D7F-2991-4EF4-8F41-4D8F6285CBD7}.AppStore|iPhoneSimulator.Deploy.0 = Release|Any CPU
		{495E2D7F-2991-4EF4-8F41-4D8F6285CBD7}.AppStore|x64.ActiveCfg = Release|x64
		{495E2D7F-2991-4EF4-8F41-4D8F6285CBD7}.AppStore|x64.Build.0 = Release|x64
		{495E2D7F-2991-4EF4-8F41-4D8F6285CBD7}.AppStore|x64.Deploy.0 = Release|x64
		{495E2D7F-2991-4EF4-8F41-4D8F6285CBD7}.AppStore|x86.ActiveCfg = Release|x86
		{495E2D7F-2991-4EF4-8F41-4D8F6285CBD7}.AppStore|x86.Build.0 = Release|x86
		{495E2D7F-2991-4EF4-8F41-4D8F6285CBD7}.AppStore|x86.Deploy.0 = Release|x86
		{495E2D7F-2991-4EF4-8F41-4D8F6285CBD7}.Debug|Any CPU.ActiveCfg = Debug|Any CPU
		{495E2D7F-2991-4EF4-8F41-4D8F6285CBD7}.Debug|Any CPU.Build.0 = Debug|Any CPU
		{495E2D7F-2991-4EF4-8F41-4D8F6285CBD7}.Debug|Any CPU.Deploy.0 = Debug|Any CPU
		{495E2D7F-2991-4EF4-8F41-4D8F6285CBD7}.Debug|ARM.ActiveCfg = Debug|ARM
		{495E2D7F-2991-4EF4-8F41-4D8F6285CBD7}.Debug|ARM.Build.0 = Debug|ARM
		{495E2D7F-2991-4EF4-8F41-4D8F6285CBD7}.Debug|ARM.Deploy.0 = Debug|ARM
		{495E2D7F-2991-4EF4-8F41-4D8F6285CBD7}.Debug|iPhone.ActiveCfg = Debug|Any CPU
		{495E2D7F-2991-4EF4-8F41-4D8F6285CBD7}.Debug|iPhone.Build.0 = Debug|Any CPU
		{495E2D7F-2991-4EF4-8F41-4D8F6285CBD7}.Debug|iPhone.Deploy.0 = Debug|Any CPU
		{495E2D7F-2991-4EF4-8F41-4D8F6285CBD7}.Debug|iPhoneSimulator.ActiveCfg = Debug|Any CPU
		{495E2D7F-2991-4EF4-8F41-4D8F6285CBD7}.Debug|iPhoneSimulator.Build.0 = Debug|Any CPU
		{495E2D7F-2991-4EF4-8F41-4D8F6285CBD7}.Debug|iPhoneSimulator.Deploy.0 = Debug|Any CPU
		{495E2D7F-2991-4EF4-8F41-4D8F6285CBD7}.Debug|x64.ActiveCfg = Debug|x64
		{495E2D7F-2991-4EF4-8F41-4D8F6285CBD7}.Debug|x64.Build.0 = Debug|x64
		{495E2D7F-2991-4EF4-8F41-4D8F6285CBD7}.Debug|x64.Deploy.0 = Debug|x64
		{495E2D7F-2991-4EF4-8F41-4D8F6285CBD7}.Debug|x86.ActiveCfg = Debug|x86
		{495E2D7F-2991-4EF4-8F41-4D8F6285CBD7}.Debug|x86.Build.0 = Debug|x86
		{495E2D7F-2991-4EF4-8F41-4D8F6285CBD7}.Debug|x86.Deploy.0 = Debug|x86
		{495E2D7F-2991-4EF4-8F41-4D8F6285CBD7}.Release|Any CPU.ActiveCfg = Release|Any CPU
		{495E2D7F-2991-4EF4-8F41-4D8F6285CBD7}.Release|Any CPU.Build.0 = Release|Any CPU
		{495E2D7F-2991-4EF4-8F41-4D8F6285CBD7}.Release|Any CPU.Deploy.0 = Release|Any CPU
		{495E2D7F-2991-4EF4-8F41-4D8F6285CBD7}.Release|ARM.ActiveCfg = Release|ARM
		{495E2D7F-2991-4EF4-8F41-4D8F6285CBD7}.Release|ARM.Build.0 = Release|ARM
		{495E2D7F-2991-4EF4-8F41-4D8F6285CBD7}.Release|ARM.Deploy.0 = Release|ARM
		{495E2D7F-2991-4EF4-8F41-4D8F6285CBD7}.Release|iPhone.ActiveCfg = Release|Any CPU
		{495E2D7F-2991-4EF4-8F41-4D8F6285CBD7}.Release|iPhone.Build.0 = Release|Any CPU
		{495E2D7F-2991-4EF4-8F41-4D8F6285CBD7}.Release|iPhone.Deploy.0 = Release|Any CPU
		{495E2D7F-2991-4EF4-8F41-4D8F6285CBD7}.Release|iPhoneSimulator.ActiveCfg = Release|Any CPU
		{495E2D7F-2991-4EF4-8F41-4D8F6285CBD7}.Release|iPhoneSimulator.Build.0 = Release|Any CPU
		{495E2D7F-2991-4EF4-8F41-4D8F6285CBD7}.Release|iPhoneSimulator.Deploy.0 = Release|Any CPU
		{495E2D7F-2991-4EF4-8F41-4D8F6285CBD7}.Release|x64.ActiveCfg = Release|x64
		{495E2D7F-2991-4EF4-8F41-4D8F6285CBD7}.Release|x64.Build.0 = Release|x64
		{495E2D7F-2991-4EF4-8F41-4D8F6285CBD7}.Release|x64.Deploy.0 = Release|x64
		{495E2D7F-2991-4EF4-8F41-4D8F6285CBD7}.Release|x86.ActiveCfg = Release|x86
		{495E2D7F-2991-4EF4-8F41-4D8F6285CBD7}.Release|x86.Build.0 = Release|x86
		{495E2D7F-2991-4EF4-8F41-4D8F6285CBD7}.Release|x86.Deploy.0 = Release|x86
		{37D895B2-8D4C-4599-891A-F39B7D89F567}.Ad-Hoc|Any CPU.ActiveCfg = Release|Any CPU
		{37D895B2-8D4C-4599-891A-F39B7D89F567}.Ad-Hoc|Any CPU.Build.0 = Release|Any CPU
		{37D895B2-8D4C-4599-891A-F39B7D89F567}.Ad-Hoc|ARM.ActiveCfg = Release|Any CPU
		{37D895B2-8D4C-4599-891A-F39B7D89F567}.Ad-Hoc|ARM.Build.0 = Release|Any CPU
		{37D895B2-8D4C-4599-891A-F39B7D89F567}.Ad-Hoc|iPhone.ActiveCfg = Release|Any CPU
		{37D895B2-8D4C-4599-891A-F39B7D89F567}.Ad-Hoc|iPhone.Build.0 = Release|Any CPU
		{37D895B2-8D4C-4599-891A-F39B7D89F567}.Ad-Hoc|iPhoneSimulator.ActiveCfg = Release|Any CPU
		{37D895B2-8D4C-4599-891A-F39B7D89F567}.Ad-Hoc|iPhoneSimulator.Build.0 = Release|Any CPU
		{37D895B2-8D4C-4599-891A-F39B7D89F567}.Ad-Hoc|x64.ActiveCfg = Release|Any CPU
		{37D895B2-8D4C-4599-891A-F39B7D89F567}.Ad-Hoc|x64.Build.0 = Release|Any CPU
		{37D895B2-8D4C-4599-891A-F39B7D89F567}.Ad-Hoc|x86.ActiveCfg = Release|Any CPU
		{37D895B2-8D4C-4599-891A-F39B7D89F567}.Ad-Hoc|x86.Build.0 = Release|Any CPU
		{37D895B2-8D4C-4599-891A-F39B7D89F567}.AppStore|Any CPU.ActiveCfg = Release|Any CPU
		{37D895B2-8D4C-4599-891A-F39B7D89F567}.AppStore|Any CPU.Build.0 = Release|Any CPU
		{37D895B2-8D4C-4599-891A-F39B7D89F567}.AppStore|ARM.ActiveCfg = Release|Any CPU
		{37D895B2-8D4C-4599-891A-F39B7D89F567}.AppStore|ARM.Build.0 = Release|Any CPU
		{37D895B2-8D4C-4599-891A-F39B7D89F567}.AppStore|iPhone.ActiveCfg = Release|Any CPU
		{37D895B2-8D4C-4599-891A-F39B7D89F567}.AppStore|iPhone.Build.0 = Release|Any CPU
		{37D895B2-8D4C-4599-891A-F39B7D89F567}.AppStore|iPhoneSimulator.ActiveCfg = Release|Any CPU
		{37D895B2-8D4C-4599-891A-F39B7D89F567}.AppStore|iPhoneSimulator.Build.0 = Release|Any CPU
		{37D895B2-8D4C-4599-891A-F39B7D89F567}.AppStore|x64.ActiveCfg = Release|Any CPU
		{37D895B2-8D4C-4599-891A-F39B7D89F567}.AppStore|x64.Build.0 = Release|Any CPU
		{37D895B2-8D4C-4599-891A-F39B7D89F567}.AppStore|x86.ActiveCfg = Release|Any CPU
		{37D895B2-8D4C-4599-891A-F39B7D89F567}.AppStore|x86.Build.0 = Release|Any CPU
		{37D895B2-8D4C-4599-891A-F39B7D89F567}.Debug|Any CPU.ActiveCfg = Debug|Any CPU
		{37D895B2-8D4C-4599-891A-F39B7D89F567}.Debug|Any CPU.Build.0 = Debug|Any CPU
		{37D895B2-8D4C-4599-891A-F39B7D89F567}.Debug|ARM.ActiveCfg = Debug|Any CPU
		{37D895B2-8D4C-4599-891A-F39B7D89F567}.Debug|ARM.Build.0 = Debug|Any CPU
		{37D895B2-8D4C-4599-891A-F39B7D89F567}.Debug|iPhone.ActiveCfg = Debug|Any CPU
		{37D895B2-8D4C-4599-891A-F39B7D89F567}.Debug|iPhone.Build.0 = Debug|Any CPU
		{37D895B2-8D4C-4599-891A-F39B7D89F567}.Debug|iPhoneSimulator.ActiveCfg = Debug|Any CPU
		{37D895B2-8D4C-4599-891A-F39B7D89F567}.Debug|iPhoneSimulator.Build.0 = Debug|Any CPU
		{37D895B2-8D4C-4599-891A-F39B7D89F567}.Debug|x64.ActiveCfg = Debug|Any CPU
		{37D895B2-8D4C-4599-891A-F39B7D89F567}.Debug|x64.Build.0 = Debug|Any CPU
		{37D895B2-8D4C-4599-891A-F39B7D89F567}.Debug|x86.ActiveCfg = Debug|Any CPU
		{37D895B2-8D4C-4599-891A-F39B7D89F567}.Debug|x86.Build.0 = Debug|Any CPU
		{37D895B2-8D4C-4599-891A-F39B7D89F567}.Release|Any CPU.ActiveCfg = Release|Any CPU
		{37D895B2-8D4C-4599-891A-F39B7D89F567}.Release|Any CPU.Build.0 = Release|Any CPU
		{37D895B2-8D4C-4599-891A-F39B7D89F567}.Release|ARM.ActiveCfg = Release|Any CPU
		{37D895B2-8D4C-4599-891A-F39B7D89F567}.Release|ARM.Build.0 = Release|Any CPU
		{37D895B2-8D4C-4599-891A-F39B7D89F567}.Release|iPhone.ActiveCfg = Release|Any CPU
		{37D895B2-8D4C-4599-891A-F39B7D89F567}.Release|iPhone.Build.0 = Release|Any CPU
		{37D895B2-8D4C-4599-891A-F39B7D89F567}.Release|iPhoneSimulator.ActiveCfg = Release|Any CPU
		{37D895B2-8D4C-4599-891A-F39B7D89F567}.Release|iPhoneSimulator.Build.0 = Release|Any CPU
		{37D895B2-8D4C-4599-891A-F39B7D89F567}.Release|x64.ActiveCfg = Release|Any CPU
		{37D895B2-8D4C-4599-891A-F39B7D89F567}.Release|x64.Build.0 = Release|Any CPU
		{37D895B2-8D4C-4599-891A-F39B7D89F567}.Release|x86.ActiveCfg = Release|Any CPU
		{37D895B2-8D4C-4599-891A-F39B7D89F567}.Release|x86.Build.0 = Release|Any CPU
	EndGlobalSection
	GlobalSection(SolutionProperties) = preSolution
		HideSolutionNode = FALSE
	EndGlobalSection
EndGlobal
